# This file is generated by running "yarn install" inside your project.
# Manual changes might be lost - proceed with caution!

__metadata:
  version: 8
  cacheKey: 10c0

"@hitokiri/isshin@workspace:packages/isshin":
  version: 0.0.0-use.local
  resolution: "@hitokiri/isshin@workspace:packages/isshin"
  languageName: unknown
  linkType: soft

"@hitokiri/kensei@workspace:packages/kensei":
  version: 0.0.0-use.local
  resolution: "@hitokiri/kensei@workspace:packages/kensei"
  languageName: unknown
  linkType: soft

"@hitokiri/satsujin@workspace:packages/satsujin":
  version: 0.0.0-use.local
  resolution: "@hitokiri/satsujin@workspace:packages/satsujin"
  languageName: unknown
  linkType: soft

"hitokiri@workspace:.":
  version: 0.0.0-use.local
  resolution: "hitokiri@workspace:."
  languageName: unknown
  linkType: soft
